
Microsoft Visual Studio Solution File, Format Version 12.00
Project("{FAE04EC0-301F-11D3-BF4B-00C04F79EFBC}") = "ChannelsExample", "ChannelsExample\ChannelsExample.csproj", "{F953D156-3826-449F-8B48-D07948A462EB}"
EndProject
Global
	GlobalSection(SolutionConfigurationPlatforms) = preSolution
		Debug|Any CPU = Debug|Any CPU
		Release|Any CPU = Release|Any CPU
	EndGlobalSection
	GlobalSection(ProjectConfigurationPlatforms) = postSolution
		{F953D156-3826-449F-8B48-D07948A462EB}.Debug|Any CPU.ActiveCfg = Debug|Any CPU
		{F953D156-3826-449F-8B48-D07948A462EB}.Debug|Any CPU.Build.0 = Debug|Any CPU
		{F953D156-3826-449F-8B48-D07948A462EB}.Release|Any CPU.ActiveCfg = Release|Any CPU
		{F953D156-3826-449F-8B48-D07948A462EB}.Release|Any CPU.Build.0 = Release|Any CPU
	EndGlobalSection
EndGlobal
